
Microsoft Visual Studio Solution File, Format Version 12.00
# Visual Studio Version 17
VisualStudioVersion = 17.4.33110.190
MinimumVisualStudioVersion = 10.0.40219.1
Project("{2150E333-8FDC-42A3-9474-1A3956D46DE8}") = "Tests", "Tests", "{74E1F5F4-B53A-4087-A183-169D93815637}"
EndProject
Project("{FAE04EC0-301F-11D3-BF4B-00C04F79EFBC}") = "FollowerService.API", "FollowerService.API\FollowerService.API.csproj", "{7DA936EC-335E-454A-AB38-D631D1A5B04C}"
EndProject
Project("{FAE04EC0-301F-11D3-BF4B-00C04F79EFBC}") = "FollowerServiceUnitTests", "FollowerServiceUnitTests\FollowerServiceUnitTests.csproj", "{E154A3E0-772D-42CB-8238-28EB32DF70E9}"
EndProject
Project("{9A19103F-16F7-4668-BE54-9A1E7A4F7556}") = "ProfileService.API", "ProfileService.API\ProfileService.API.csproj", "{29914C04-9AC5-450B-B83D-1F9894F076B2}"
EndProject
Project("{9A19103F-16F7-4668-BE54-9A1E7A4F7556}") = "ProfileServiceUnitTests", "ProfileServiceUnitTests\ProfileServiceUnitTests.csproj", "{77C6E0F8-0927-4C49-A34B-7E624273CB18}"
EndProject
Global
	GlobalSection(SolutionConfigurationPlatforms) = preSolution
		Debug|Any CPU = Debug|Any CPU
		Release|Any CPU = Release|Any CPU
	EndGlobalSection
	GlobalSection(ProjectConfigurationPlatforms) = postSolution
		{7DA936EC-335E-454A-AB38-D631D1A5B04C}.Debug|Any CPU.ActiveCfg = Debug|Any CPU
		{7DA936EC-335E-454A-AB38-D631D1A5B04C}.Debug|Any CPU.Build.0 = Debug|Any CPU
		{7DA936EC-335E-454A-AB38-D631D1A5B04C}.Release|Any CPU.ActiveCfg = Release|Any CPU
		{7DA936EC-335E-454A-AB38-D631D1A5B04C}.Release|Any CPU.Build.0 = Release|Any CPU
		{E154A3E0-772D-42CB-8238-28EB32DF70E9}.Debug|Any CPU.ActiveCfg = Debug|Any CPU
		{E154A3E0-772D-42CB-8238-28EB32DF70E9}.Debug|Any CPU.Build.0 = Debug|Any CPU
		{E154A3E0-772D-42CB-8238-28EB32DF70E9}.Release|Any CPU.ActiveCfg = Release|Any CPU
		{E154A3E0-772D-42CB-8238-28EB32DF70E9}.Release|Any CPU.Build.0 = Release|Any CPU
		{29914C04-9AC5-450B-B83D-1F9894F076B2}.Debug|Any CPU.ActiveCfg = Debug|Any CPU
		{29914C04-9AC5-450B-B83D-1F9894F076B2}.Debug|Any CPU.Build.0 = Debug|Any CPU
		{29914C04-9AC5-450B-B83D-1F9894F076B2}.Release|Any CPU.ActiveCfg = Release|Any CPU
		{29914C04-9AC5-450B-B83D-1F9894F076B2}.Release|Any CPU.Build.0 = Release|Any CPU
		{77C6E0F8-0927-4C49-A34B-7E624273CB18}.Debug|Any CPU.ActiveCfg = Debug|Any CPU
		{77C6E0F8-0927-4C49-A34B-7E624273CB18}.Debug|Any CPU.Build.0 = Debug|Any CPU
		{77C6E0F8-0927-4C49-A34B-7E624273CB18}.Release|Any CPU.ActiveCfg = Release|Any CPU
		{77C6E0F8-0927-4C49-A34B-7E624273CB18}.Release|Any CPU.Build.0 = Release|Any CPU
	EndGlobalSection
	GlobalSection(SolutionProperties) = preSolution
		HideSolutionNode = FALSE
	EndGlobalSection
	GlobalSection(NestedProjects) = preSolution
		{E154A3E0-772D-42CB-8238-28EB32DF70E9} = {74E1F5F4-B53A-4087-A183-169D93815637}
		{77C6E0F8-0927-4C49-A34B-7E624273CB18} = {74E1F5F4-B53A-4087-A183-169D93815637}
	EndGlobalSection
	GlobalSection(ExtensibilityGlobals) = postSolution
		SolutionGuid = {FDC9F35D-68E1-4747-B3DA-44A0305D6CFF}
	EndGlobalSection
EndGlobal
