
Microsoft Visual Studio Solution File, Format Version 12.00
# Visual Studio Version 17
VisualStudioVersion = 17.4.33110.190
MinimumVisualStudioVersion = 10.0.40219.1
Project("{2150E333-8FDC-42A3-9474-1A3956D46DE8}") = "Tests", "Tests", "{74E1F5F4-B53A-4087-A183-169D93815637}"
EndProject
Project("{9A19103F-16F7-4668-BE54-9A1E7A4F7556}") = "ProfileMicroService.API", "ProfileMicroService.API\ProfileMicroService.API.csproj", "{84EF7729-FFF3-478F-8E6E-F5F8AE58B557}"
EndProject
Project("{9A19103F-16F7-4668-BE54-9A1E7A4F7556}") = "ProfileMicroServiceUnitTests", "ProfileMicroServiceUnitTests\ProfileMicroServiceUnitTests.csproj", "{C955A850-D430-40D4-9E5B-91A73644345C}"
EndProject
Project("{E53339B2-1760-4266-BCC7-CA923CBCF16C}") = "docker-compose", "docker-compose.dcproj", "{F961A454-5D90-4682-BF48-3B0B7C866801}"
EndProject
Project("{9A19103F-16F7-4668-BE54-9A1E7A4F7556}") = "NotificationMicroservice.API", "NotificationMicroservice.API\NotificationMicroservice.API.csproj", "{B87F851D-DCEB-4A5A-9977-3E0DECC77422}"
EndProject
Project("{9A19103F-16F7-4668-BE54-9A1E7A4F7556}") = "NotificationMicroserviceUnitTests", "NotificationMicroserviceUnitTests\NotificationMicroserviceUnitTests.csproj", "{2C3A189A-DFF3-4379-8331-6046E6CF4B76}"
EndProject
Project("{FAE04EC0-301F-11D3-BF4B-00C04F79EFBC}") = "Contracts", "..\Contracts\Contracts.csproj", "{28F0C243-8B61-49D4-AED0-6D109C9B7E60}"
EndProject
Global
	GlobalSection(SolutionConfigurationPlatforms) = preSolution
		Debug|Any CPU = Debug|Any CPU
		Release|Any CPU = Release|Any CPU
	EndGlobalSection
	GlobalSection(ProjectConfigurationPlatforms) = postSolution
		{84EF7729-FFF3-478F-8E6E-F5F8AE58B557}.Debug|Any CPU.ActiveCfg = Debug|Any CPU
		{84EF7729-FFF3-478F-8E6E-F5F8AE58B557}.Debug|Any CPU.Build.0 = Debug|Any CPU
		{84EF7729-FFF3-478F-8E6E-F5F8AE58B557}.Release|Any CPU.ActiveCfg = Release|Any CPU
		{84EF7729-FFF3-478F-8E6E-F5F8AE58B557}.Release|Any CPU.Build.0 = Release|Any CPU
		{C955A850-D430-40D4-9E5B-91A73644345C}.Debug|Any CPU.ActiveCfg = Debug|Any CPU
		{C955A850-D430-40D4-9E5B-91A73644345C}.Debug|Any CPU.Build.0 = Debug|Any CPU
		{C955A850-D430-40D4-9E5B-91A73644345C}.Release|Any CPU.ActiveCfg = Release|Any CPU
		{C955A850-D430-40D4-9E5B-91A73644345C}.Release|Any CPU.Build.0 = Release|Any CPU
		{F961A454-5D90-4682-BF48-3B0B7C866801}.Debug|Any CPU.ActiveCfg = Debug|Any CPU
		{F961A454-5D90-4682-BF48-3B0B7C866801}.Debug|Any CPU.Build.0 = Debug|Any CPU
		{F961A454-5D90-4682-BF48-3B0B7C866801}.Release|Any CPU.ActiveCfg = Release|Any CPU
		{F961A454-5D90-4682-BF48-3B0B7C866801}.Release|Any CPU.Build.0 = Release|Any CPU
		{B87F851D-DCEB-4A5A-9977-3E0DECC77422}.Debug|Any CPU.ActiveCfg = Debug|Any CPU
		{B87F851D-DCEB-4A5A-9977-3E0DECC77422}.Debug|Any CPU.Build.0 = Debug|Any CPU
		{B87F851D-DCEB-4A5A-9977-3E0DECC77422}.Release|Any CPU.ActiveCfg = Release|Any CPU
		{B87F851D-DCEB-4A5A-9977-3E0DECC77422}.Release|Any CPU.Build.0 = Release|Any CPU
		{2C3A189A-DFF3-4379-8331-6046E6CF4B76}.Debug|Any CPU.ActiveCfg = Debug|Any CPU
		{2C3A189A-DFF3-4379-8331-6046E6CF4B76}.Debug|Any CPU.Build.0 = Debug|Any CPU
		{2C3A189A-DFF3-4379-8331-6046E6CF4B76}.Release|Any CPU.ActiveCfg = Release|Any CPU
		{2C3A189A-DFF3-4379-8331-6046E6CF4B76}.Release|Any CPU.Build.0 = Release|Any CPU
		{28F0C243-8B61-49D4-AED0-6D109C9B7E60}.Debug|Any CPU.ActiveCfg = Debug|Any CPU
		{28F0C243-8B61-49D4-AED0-6D109C9B7E60}.Debug|Any CPU.Build.0 = Debug|Any CPU
		{28F0C243-8B61-49D4-AED0-6D109C9B7E60}.Release|Any CPU.ActiveCfg = Release|Any CPU
		{28F0C243-8B61-49D4-AED0-6D109C9B7E60}.Release|Any CPU.Build.0 = Release|Any CPU
	EndGlobalSection
	GlobalSection(SolutionProperties) = preSolution
		HideSolutionNode = FALSE
	EndGlobalSection
	GlobalSection(NestedProjects) = preSolution
		{C955A850-D430-40D4-9E5B-91A73644345C} = {74E1F5F4-B53A-4087-A183-169D93815637}
		{2C3A189A-DFF3-4379-8331-6046E6CF4B76} = {74E1F5F4-B53A-4087-A183-169D93815637}
	EndGlobalSection
	GlobalSection(ExtensibilityGlobals) = postSolution
		SolutionGuid = {FDC9F35D-68E1-4747-B3DA-44A0305D6CFF}
	EndGlobalSection
EndGlobal
